
Microsoft Visual Studio Solution File, Format Version 12.00
# Visual Studio Version 16
VisualStudioVersion = 16.0.29728.190
MinimumVisualStudioVersion = 10.0.40219.1
Project("{FAE04EC0-301F-11D3-BF4B-00C04F79EFBC}") = "CSharpUdpClient", "CSharpUdpClient\CSharpUdpClient.csproj", "{7B031C97-A82A-4DE2-B423-F643C48A9E22}"
EndProject
Global
	GlobalSection(SolutionConfigurationPlatforms) = preSolution
		Debug|Any CPU = Debug|Any CPU
		Release|Any CPU = Release|Any CPU
	EndGlobalSection
	GlobalSection(ProjectConfigurationPlatforms) = postSolution
		{7B031C97-A82A-4DE2-B423-F643C48A9E22}.Debug|Any CPU.ActiveCfg = Debug|Any CPU
		{7B031C97-A82A-4DE2-B423-F643C48A9E22}.Debug|Any CPU.Build.0 = Debug|Any CPU
		{7B031C97-A82A-4DE2-B423-F643C48A9E22}.Release|Any CPU.ActiveCfg = Release|Any CPU
		{7B031C97-A82A-4DE2-B423-F643C48A9E22}.Release|Any CPU.Build.0 = Release|Any CPU
	EndGlobalSection
	GlobalSection(SolutionProperties) = preSolution
		HideSolutionNode = FALSE
	EndGlobalSection
	GlobalSection(ExtensibilityGlobals) = postSolution
		SolutionGuid = {E5E85B0B-8D7C-4D32-B73A-2E3A7C5C0A8B}
	EndGlobalSection
EndGlobal
